
Microsoft Visual Studio Solution File, Format Version 12.00
# Visual Studio Version 16
VisualStudioVersion = 16.0.810.11
MinimumVisualStudioVersion = 10.0.40219.1
Project("{FAE04EC0-301F-11D3-BF4B-00C04F79EFBC}") = "CsvParsingExample", "CsvParsingExample\CsvParsingExample.csproj", "{977E2FF0-4BE9-4B7C-A871-3549C382F535}"
EndProject
Global
	GlobalSection(SolutionConfigurationPlatforms) = preSolution
		Debug|Any CPU = Debug|Any CPU
		Release|Any CPU = Release|Any CPU
	EndGlobalSection
	GlobalSection(ProjectConfigurationPlatforms) = postSolution
		{977E2FF0-4BE9-4B7C-A871-3549C382F535}.Debug|Any CPU.ActiveCfg = Debug|Any CPU
		{977E2FF0-4BE9-4B7C-A871-3549C382F535}.Debug|Any CPU.Build.0 = Debug|Any CPU
		{977E2FF0-4BE9-4B7C-A871-3549C382F535}.Release|Any CPU.ActiveCfg = Release|Any CPU
		{977E2FF0-4BE9-4B7C-A871-3549C382F535}.Release|Any CPU.Build.0 = Release|Any CPU
	EndGlobalSection
	GlobalSection(SolutionProperties) = preSolution
		HideSolutionNode = FALSE
	EndGlobalSection
	GlobalSection(ExtensibilityGlobals) = postSolution
		SolutionGuid = {6B956A13-093F-4AE8-901D-9038C53E0CB2}
	EndGlobalSection
EndGlobal
